// !$*UTF8*$!
{
	archiveVersion = 1;
	classes = {
	};
	objectVersion = 46;
	objects = {

/* Begin PBXBuildFile section */
		411286281F7F25C8009F2B8B /* ListaAtoresTableViewController.swift in Sources */ = {isa = PBXBuildFile; fileRef = 411286271F7F25C8009F2B8B /* ListaAtoresTableViewController.swift */; };
		AC4991ED1F4F8D200082CBB8 /* AppDelegate.swift in Sources */ = {isa = PBXBuildFile; fileRef = AC4991EC1F4F8D200082CBB8 /* AppDelegate.swift */; };
		AC4991EF1F4F8D200082CBB8 /* ViewController.swift in Sources */ = {isa = PBXBuildFile; fileRef = AC4991EE1F4F8D200082CBB8 /* ViewController.swift */; };
		AC4991F21F4F8D200082CBB8 /* Main.storyboard in Resources */ = {isa = PBXBuildFile; fileRef = AC4991F01F4F8D200082CBB8 /* Main.storyboard */; };
		AC4991F41F4F8D200082CBB8 /* Assets.xcassets in Resources */ = {isa = PBXBuildFile; fileRef = AC4991F31F4F8D200082CBB8 /* Assets.xcassets */; };
		AC4991F71F4F8D200082CBB8 /* LaunchScreen.storyboard in Resources */ = {isa = PBXBuildFile; fileRef = AC4991F51F4F8D200082CBB8 /* LaunchScreen.storyboard */; };
/* End PBXBuildFile section */

/* Begin PBXFileReference section */
		411286271F7F25C8009F2B8B /* ListaAtoresTableViewController.swift */ = {isa = PBXFileReference; lastKnownFileType = sourcecode.swift; path = ListaAtoresTableViewController.swift; sourceTree = "<group>"; };
		AC4991E91F4F8D200082CBB8 /* Exemplo Rest Json.app */ = {isa = PBXFileReference; explicitFileType = wrapper.application; includeInIndex = 0; path = "Exemplo Rest Json.app"; sourceTree = BUILT_PRODUCTS_DIR; };
		AC4991EC1F4F8D200082CBB8 /* AppDelegate.swift */ = {isa = PBXFileReference; lastKnownFileType = sourcecode.swift; path = AppDelegate.swift; sourceTree = "<group>"; };
		AC4991EE1F4F8D200082CBB8 /* ViewController.swift */ = {isa = PBXFileReference; lastKnownFileType = sourcecode.swift; path = ViewController.swift; sourceTree = "<group>"; };
		AC4991F11F4F8D200082CBB8 /* Base */ = {isa = PBXFileReference; lastKnownFileType = file.storyboard; name = Base; path = Base.lproj/Main.storyboard; sourceTree = "<group>"; };
		AC4991F31F4F8D200082CBB8 /* Assets.xcassets */ = {isa = PBXFileReference; lastKnownFileType = folder.assetcatalog; path = Assets.xcassets; sourceTree = "<group>"; };
		AC4991F61F4F8D200082CBB8 /* Base */ = {isa = PBXFileReference; lastKnownFileType = file.storyboard; name = Base; path = Base.lproj/LaunchScreen.storyboard; sourceTree = "<group>"; };
		AC4991F81F4F8D200082CBB8 /* Info.plist */ = {isa = PBXFileReference; lastKnownFileType = text.plist.xml; path = Info.plist; sourceTree = "<group>"; };
/* End PBXFileReference section */

/* Begin PBXFrameworksBuildPhase section */
		AC4991E61F4F8D1F0082CBB8 /* Frameworks */ = {
			isa = PBXFrameworksBuildPhase;
			buildActionMask = 2147483647;
			files = (
			);
			runOnlyForDeploymentPostprocessing = 0;
		};
/* End PBXFrameworksBuildPhase section */

/* Begin PBXGroup section */
		AC4991E01F4F8D1F0082CBB8 = {
			isa = PBXGroup;
			children = (
				AC4991EB1F4F8D200082CBB8 /* Exemplo Rest Json */,
				AC4991EA1F4F8D200082CBB8 /* Products */,
			);
			sourceTree = "<group>";
		};
		AC4991EA1F4F8D200082CBB8 /* Products */ = {
			isa = PBXGroup;
			children = (
				AC4991E91F4F8D200082CBB8 /* Exemplo Rest Json.app */,
			);
			name = Products;
			sourceTree = "<group>";
		};
		AC4991EB1F4F8D200082CBB8 /* Exemplo Rest Json */ = {
			isa = PBXGroup;
			children = (
				AC4991EC1F4F8D200082CBB8 /* AppDelegate.swift */,
				AC4991EE1F4F8D200082CBB8 /* ViewController.swift */,
				AC4991F01F4F8D200082CBB8 /* Main.storyboard */,
				AC4991F31F4F8D200082CBB8 /* Assets.xcassets */,
				AC4991F51F4F8D200082CBB8 /* LaunchScreen.storyboard */,
				AC4991F81F4F8D200082CBB8 /* Info.plist */,
				411286271F7F25C8009F2B8B /* ListaAtoresTableViewController.swift */,
			);
			path = "Exemplo Rest Json";
			sourceTree = "<group>";
		};
/* End PBXGroup section */

/* Begin PBXNativeTarget section */
		AC4991E81F4F8D1F0082CBB8 /* Exemplo Rest Json */ = {
			isa = PBXNativeTarget;
			buildConfigurationList = AC4991FB1F4F8D200082CBB8 /* Build configuration list for PBXNativeTarget "Exemplo Rest Json" */;
			buildPhases = (
				AC4991E51F4F8D1F0082CBB8 /* Sources */,
				AC4991E61F4F8D1F0082CBB8 /* Frameworks */,
				AC4991E71F4F8D1F0082CBB8 /* Resources */,
			);
			buildRules = (
			);
			dependencies = (
			);
			name = "Exemplo Rest Json";
			productName = "Exemplo Rest Json";
			productReference = AC4991E91F4F8D200082CBB8 /* Exemplo Rest Json.app */;
			productType = "com.apple.product-type.application";
		};
/* End PBXNativeTarget section */

/* Begin PBXProject section */
		AC4991E11F4F8D1F0082CBB8 /* Project object */ = {
			isa = PBXProject;
			attributes = {
				LastSwiftUpdateCheck = 0810;
				LastUpgradeCheck = 0810;
				ORGANIZATIONNAME = "Agesandro Scarpioni";
				TargetAttributes = {
					AC4991E81F4F8D1F0082CBB8 = {
						CreatedOnToolsVersion = 8.1;
						ProvisioningStyle = Automatic;
					};
				};
			};
			buildConfigurationList = AC4991E41F4F8D1F0082CBB8 /* Build configuration list for PBXProject "Exemplo Rest Json" */;
			compatibilityVersion = "Xcode 3.2";
			developmentRegion = English;
			hasScannedForEncodings = 0;
			knownRegions = (
				en,
				Base,
			);
			mainGroup = AC4991E01F4F8D1F0082CBB8;
			productRefGroup = AC4991EA1F4F8D200082CBB8 /* Products */;
			projectDirPath = "";
			projectRoot = "";
			targets = (
				AC4991E81F4F8D1F0082CBB8 /* Exemplo Rest Json */,
			);
		};
/* End PBXProject section */

/* Begin PBXResourcesBuildPhase section */
		AC4991E71F4F8D1F0082CBB8 /* Resources */ = {
			isa = PBXResourcesBuildPhase;
			buildActionMask = 2147483647;
			files = (
				AC4991F71F4F8D200082CBB8 /* LaunchScreen.storyboard in Resources */,
				AC4991F41F4F8D200082CBB8 /* Assets.xcassets in Resources */,
				AC4991F21F4F8D200082CBB8 /* Main.storyboard in Resources */,
			);
			runOnlyForDeploymentPostprocessing = 0;
		};
/* End PBXResourcesBuildPhase section */

/* Begin PBXSourcesBuildPhase section */
		AC4991E51F4F8D1F0082CBB8 /* Sources */ = {
			isa = PBXSourcesBuildPhase;
			buildActionMask = 2147483647;
			files = (
				AC4991EF1F4F8D200082CBB8 /* ViewController.swift in Sources */,
				411286281F7F25C8009F2B8B /* ListaAtoresTableViewController.swift in Sources */,
				AC4991ED1F4F8D200082CBB8 /* AppDelegate.swift in Sources */,
			);
			runOnlyForDeploymentPostprocessing = 0;
		};
/* End PBXSourcesBuildPhase section */

/* Begin PBXVariantGroup section */
		AC4991F01F4F8D200082CBB8 /* Main.storyboard */ = {
			isa = PBXVariantGroup;
			children = (
				AC4991F11F4F8D200082CBB8 /* Base */,
			);
			name = Main.storyboard;
			sourceTree = "<group>";
		};
		AC4991F51F4F8D200082CBB8 /* LaunchScreen.storyboard */ = {
			isa = PBXVariantGroup;
			children = (
				AC4991F61F4F8D200082CBB8 /* Base */,
			);
			name = LaunchScreen.storyboard;
			sourceTree = "<group>";
		};
/* End PBXVariantGroup section */

/* Begin XCBuildConfiguration section */
		AC4991F91F4F8D200082CBB8 /* Debug */ = {
			isa = XCBuildConfiguration;
			buildSettings = {
				ALWAYS_SEARCH_USER_PATHS = NO;
				CLANG_ANALYZER_NONNULL = YES;
				CLANG_CXX_LANGUAGE_STANDARD = "gnu++0x";
				CLANG_CXX_LIBRARY = "libc++";
				CLANG_ENABLE_MODULES = YES;
				CLANG_ENABLE_OBJC_ARC = YES;
				CLANG_WARN_BOOL_CONVERSION = YES;
				CLANG_WARN_CONSTANT_CONVERSION = YES;
				CLANG_WARN_DIRECT_OBJC_ISA_USAGE = YES_ERROR;
				CLANG_WARN_DOCUMENTATION_COMMENTS = YES;
				CLANG_WARN_EMPTY_BODY = YES;
				CLANG_WARN_ENUM_CONVERSION = YES;
				CLANG_WARN_INFINITE_RECURSION = YES;
				CLANG_WARN_INT_CONVERSION = YES;
				CLANG_WARN_OBJC_ROOT_CLASS = YES_ERROR;
				CLANG_WARN_SUSPICIOUS_MOVES = YES;
				CLANG_WARN_UNREACHABLE_CODE = YES;
				CLANG_WARN__DUPLICATE_METHOD_MATCH = YES;
				"CODE_SIGN_IDENTITY[sdk=iphoneos*]" = "iPhone Developer";
				COPY_PHASE_STRIP = NO;
				DEBUG_INFORMATION_FORMAT = dwarf;
				ENABLE_STRICT_OBJC_MSGSEND = YES;
				ENABLE_TESTABILITY = YES;
				GCC_C_LANGUAGE_STANDARD = gnu99;
				GCC_DYNAMIC_NO_PIC = NO;
				GCC_NO_COMMON_BLOCKS = YES;
				GCC_OPTIMIZATION_LEVEL = 0;
				GCC_PREPROCESSOR_DEFINITIONS = (
					"DEBUG=1",
					"$(inherited)",
				);
				GCC_WARN_64_TO_32_BIT_CONVERSION = YES;
				GCC_WARN_ABOUT_RETURN_TYPE = YES_ERROR;
				GCC_WARN_UNDECLARED_SELECTOR = YES;
				GCC_WARN_UNINITIALIZED_AUTOS = YES_AGGRESSIVE;
				GCC_WARN_UNUSED_FUNCTION = YES;
				GCC_WARN_UNUSED_VARIABLE = YES;
				IPHONEOS_DEPLOYMENT_TARGET = 10.1;
				MTL_ENABLE_DEBUG_INFO = YES;
				ONLY_ACTIVE_ARCH = YES;
				SDKROOT = iphoneos;
				SWIFT_ACTIVE_COMPILATION_CONDITIONS = DEBUG;
				SWIFT_OPTIMIZATION_LEVEL = "-Onone";
			};
			name = Debug;
		};
		AC4991FA1F4F8D200082CBB8 /* Release */ = {
			isa = XCBuildConfiguration;
			buildSettings = {
				ALWAYS_SEARCH_USER_PATHS = NO;
				CLANG_ANALYZER_NONNULL = YES;
				CLANG_CXX_LANGUAGE_STANDARD = "gnu++0x";
				CLANG_CXX_LIBRARY = "libc++";
				CLANG_ENABLE_MODULES = YES;
				CLANG_ENABLE_OBJC_ARC = YES;
				CLANG_WARN_BOOL_CONVERSION = YES;
				CLANG_WARN_CONSTANT_CONVERSION = YES;
				CLANG_WARN_DIRECT_OBJC_ISA_USAGE = YES_ERROR;
				CLANG_WARN_DOCUMENTATION_COMMENTS = YES;
				CLANG_WARN_EMPTY_BODY = YES;
				CLANG_WARN_ENUM_CONVERSION = YES;
				CLANG_WARN_INFINITE_RECURSION = YES;
				CLANG_WARN_INT_CONVERSION = YES;
				CLANG_WARN_OBJC_ROOT_CLASS = YES_ERROR;
				CLANG_WARN_SUSPICIOUS_MOVES = YES;
				CLANG_WARN_UNREACHABLE_CODE = YES;
				CLANG_WARN__DUPLICATE_METHOD_MATCH = YES;
				"CODE_SIGN_IDENTITY[sdk=iphoneos*]" = "iPhone Developer";
				COPY_PHASE_STRIP = NO;
				DEBUG_INFORMATION_FORMAT = "dwarf-with-dsym";
				ENABLE_NS_ASSERTIONS = NO;
				ENABLE_STRICT_OBJC_MSGSEND = YES;
				GCC_C_LANGUAGE_STANDARD = gnu99;
				GCC_NO_COMMON_BLOCKS = YES;
				GCC_WARN_64_TO_32_BIT_CONVERSION = YES;
				GCC_WARN_ABOUT_RETURN_TYPE = YES_ERROR;
				GCC_WARN_UNDECLARED_SELECTOR = YES;
				GCC_WARN_UNINITIALIZED_AUTOS = YES_AGGRESSIVE;
				GCC_WARN_UNUSED_FUNCTION = YES;
				GCC_WARN_UNUSED_VARIABLE = YES;
				IPHONEOS_DEPLOYMENT_TARGET = 10.1;
				MTL_ENABLE_DEBUG_INFO = NO;
				SDKROOT = iphoneos;
				SWIFT_OPTIMIZATION_LEVEL = "-Owholemodule";
				VALIDATE_PRODUCT = YES;
			};
			name = Release;
		};
		AC4991FC1F4F8D200082CBB8 /* Debug */ = {
			isa = XCBuildConfiguration;
			buildSettings = {
				ASSETCATALOG_COMPILER_APPICON_NAME = AppIcon;
				INFOPLIST_FILE = "Exemplo Rest Json/Info.plist";
				LD_RUNPATH_SEARCH_PATHS = "$(inherited) @executable_path/Frameworks";
				PRODUCT_BUNDLE_IDENTIFIER = "com.fiap.Exemplo-Rest-Json";
				PRODUCT_NAME = "$(TARGET_NAME)";
				SWIFT_VERSION = 3.0;
			};
			name = Debug;
		};
		AC4991FD1F4F8D200082CBB8 /* Release */ = {
			isa = XCBuildConfiguration;
			buildSettings = {
				ASSETCATALOG_COMPILER_APPICON_NAME = AppIcon;
				INFOPLIST_FILE = "Exemplo Rest Json/Info.plist";
				LD_RUNPATH_SEARCH_PATHS = "$(inherited) @executable_path/Frameworks";
				PRODUCT_BUNDLE_IDENTIFIER = "com.fiap.Exemplo-Rest-Json";
				PRODUCT_NAME = "$(TARGET_NAME)";
				SWIFT_VERSION = 3.0;
			};
			name = Release;
		};
/* End XCBuildConfiguration section */

/* Begin XCConfigurationList section */
		AC4991E41F4F8D1F0082CBB8 /* Build configuration list for PBXProject "Exemplo Rest Json" */ = {
			isa = XCConfigurationList;
			buildConfigurations = (
				AC4991F91F4F8D200082CBB8 /* Debug */,
				AC4991FA1F4F8D200082CBB8 /* Release */,
			);
			defaultConfigurationIsVisible = 0;
			defaultConfigurationName = Release;
		};
		AC4991FB1F4F8D200082CBB8 /* Build configuration list for PBXNativeTarget "Exemplo Rest Json" */ = {
			isa = XCConfigurationList;
			buildConfigurations = (
				AC4991FC1F4F8D200082CBB8 /* Debug */,
				AC4991FD1F4F8D200082CBB8 /* Release */,
			);
			defaultConfigurationIsVisible = 0;
			defaultConfigurationName = Release;
		};
/* End XCConfigurationList section */
	};
	rootObject = AC4991E11F4F8D1F0082CBB8 /* Project object */;
}
